
Microsoft Visual Studio Solution File, Format Version 12.00
# Visual Studio Version 17
VisualStudioVersion = 17.14.36811.4
MinimumVisualStudioVersion = 10.0.40219.1
Project("{FAE04EC0-301F-11D3-BF4B-00C04F79EFBC}") = "EmployeeManagement", "EmployeeManagement.csproj", "{0F475E2C-5DA2-41C1-A081-7C38794438C6}"
EndProject
Global
	GlobalSection(SolutionConfigurationPlatforms) = preSolution
		Debug|Any CPU = Debug|Any CPU
		Release|Any CPU = Release|Any CPU
	EndGlobalSection
	GlobalSection(ProjectConfigurationPlatforms) = postSolution
		{0F475E2C-5DA2-41C1-A081-7C38794438C6}.Debug|Any CPU.ActiveCfg = Debug|Any CPU
		{0F475E2C-5DA2-41C1-A081-7C38794438C6}.Debug|Any CPU.Build.0 = Debug|Any CPU
		{0F475E2C-5DA2-41C1-A081-7C38794438C6}.Release|Any CPU.ActiveCfg = Release|Any CPU
		{0F475E2C-5DA2-41C1-A081-7C38794438C6}.Release|Any CPU.Build.0 = Release|Any CPU
	EndGlobalSection
	GlobalSection(SolutionProperties) = preSolution
		HideSolutionNode = FALSE
	EndGlobalSection
	GlobalSection(ExtensibilityGlobals) = postSolution
		SolutionGuid = {838CAF1E-0B86-47A6-BA1C-48914EBCD52C}
	EndGlobalSection
EndGlobal
